
Microsoft Visual Studio Solution File, Format Version 12.00
# Visual Studio Version 16
VisualStudioVersion = 16.0.28729.10
MinimumVisualStudioVersion = 10.0.40219.1
Project("{FAE04EC0-301F-11D3-BF4B-00C04F79EFBC}") = "LoadTesting.WebApi", "LoadTesting.WebApi\LoadTesting.WebApi.csproj", "{98A2F9E1-041B-41EA-91B5-11103A2EE2FF}"
EndProject
Global
	GlobalSection(SolutionConfigurationPlatforms) = preSolution
		Debug|Any CPU = Debug|Any CPU
		Release|Any CPU = Release|Any CPU
	EndGlobalSection
	GlobalSection(ProjectConfigurationPlatforms) = postSolution
		{98A2F9E1-041B-41EA-91B5-11103A2EE2FF}.Debug|Any CPU.ActiveCfg = Debug|Any CPU
		{98A2F9E1-041B-41EA-91B5-11103A2EE2FF}.Debug|Any CPU.Build.0 = Debug|Any CPU
		{98A2F9E1-041B-41EA-91B5-11103A2EE2FF}.Release|Any CPU.ActiveCfg = Release|Any CPU
		{98A2F9E1-041B-41EA-91B5-11103A2EE2FF}.Release|Any CPU.Build.0 = Release|Any CPU
	EndGlobalSection
	GlobalSection(SolutionProperties) = preSolution
		HideSolutionNode = FALSE
	EndGlobalSection
	GlobalSection(ExtensibilityGlobals) = postSolution
		SolutionGuid = {3F68C823-97B2-4DBE-A429-C5D62B2B96D7}
	EndGlobalSection
EndGlobal
